{
  "originHash" : "1dbdc7dd7c5a16b91647525a531257e6c081bf1e9f28897dc0a3b752c07a7bb8",
  "pins" : [
    {
      "identity" : "matrix-rust-components-swift",
      "kind" : "remoteSourceControl",
      "location" : "https://github.com/matrix-org/matrix-rust-components-swift/",
      "state" : {
        "revision" : "671e6ba8821c10f69ab3802b6d880b01447aba1b",
        "version" : "25.4.16"
      }
    }
  ],
  "version" : 3
}
